// !$*UTF8*$!
{
	archiveVersion = 1;
	classes = {
	};
	objectVersion = 46;
	objects = {

/* Begin PBXBuildFile section */
		800F5040199B17B900B0A39A /* QSReWallCell.xib in Resources */ = {isa = PBXBuildFile; fileRef = 800F503F199B17B900B0A39A /* QSReWallCell.xib */; };
		800F5043199B17C300B0A39A /* QSReWallCell.m in Sources */ = {isa = PBXBuildFile; fileRef = 800F5042199B17C300B0A39A /* QSReWallCell.m */; };
		800F5049199B17D000B0A39A /* QSReWall.m in Sources */ = {isa = PBXBuildFile; fileRef = 800F5046199B17D000B0A39A /* QSReWall.m */; };
		800F504A199B17D000B0A39A /* QSReWallViewController.m in Sources */ = {isa = PBXBuildFile; fileRef = 800F5048199B17D000B0A39A /* QSReWallViewController.m */; };
		800F504E199B181900B0A39A /* ReWall.m in Sources */ = {isa = PBXBuildFile; fileRef = 800F504D199B181900B0A39A /* ReWall.m */; };
		800F5051199B182E00B0A39A /* QSReWallModel.m in Sources */ = {isa = PBXBuildFile; fileRef = 800F5050199B182E00B0A39A /* QSReWallModel.m */; };
		800F5052199B186400B0A39A /* QSReWall.h in Copy Files (6 items) */ = {isa = PBXBuildFile; fileRef = 800F5045199B17D000B0A39A /* QSReWall.h */; };
		800F5059199B2A5200B0A39A /* arrow@2x.png in Resources */ = {isa = PBXBuildFile; fileRef = 800F5058199B2A5200B0A39A /* arrow@2x.png */; };
		801B12A0199A1675007D8CD7 /* Foundation.framework in Frameworks */ = {isa = PBXBuildFile; fileRef = 801B129F199A1675007D8CD7 /* Foundation.framework */; };
		801B12AE199A1675007D8CD7 /* XCTest.framework in Frameworks */ = {isa = PBXBuildFile; fileRef = 801B12AD199A1675007D8CD7 /* XCTest.framework */; };
		801B12AF199A1675007D8CD7 /* Foundation.framework in Frameworks */ = {isa = PBXBuildFile; fileRef = 801B129F199A1675007D8CD7 /* Foundation.framework */; };
		801B12B1199A1675007D8CD7 /* UIKit.framework in Frameworks */ = {isa = PBXBuildFile; fileRef = 801B12B0199A1675007D8CD7 /* UIKit.framework */; };
		801B12B4199A1675007D8CD7 /* libQSADWall.a in Frameworks */ = {isa = PBXBuildFile; fileRef = 801B129C199A1675007D8CD7 /* libQSADWall.a */; };
		801B12BA199A1675007D8CD7 /* InfoPlist.strings in Resources */ = {isa = PBXBuildFile; fileRef = 801B12B8199A1675007D8CD7 /* InfoPlist.strings */; };
		801B12BC199A1675007D8CD7 /* QSADWallTests.m in Sources */ = {isa = PBXBuildFile; fileRef = 801B12BB199A1675007D8CD7 /* QSADWallTests.m */; };
		801B1336199A168F007D8CD7 /* QSADWall.m in Sources */ = {isa = PBXBuildFile; fileRef = 801B12C8199A168F007D8CD7 /* QSADWall.m */; };
		801B1337199A168F007D8CD7 /* QSADWallViewController.m in Sources */ = {isa = PBXBuildFile; fileRef = 801B12CA199A168F007D8CD7 /* QSADWallViewController.m */; };
		801B1338199A168F007D8CD7 /* QSBanner.m in Sources */ = {isa = PBXBuildFile; fileRef = 801B12CD199A168F007D8CD7 /* QSBanner.m */; };
		801B1339199A168F007D8CD7 /* QSGlobalFunction.m in Sources */ = {isa = PBXBuildFile; fileRef = 801B12D0199A168F007D8CD7 /* QSGlobalFunction.m */; };
		801B133A199A168F007D8CD7 /* QSInsertScreen.m in Sources */ = {isa = PBXBuildFile; fileRef = 801B12D3199A168F007D8CD7 /* QSInsertScreen.m */; };
		801B133B199A168F007D8CD7 /* QSKeychainItemWrapper.m in Sources */ = {isa = PBXBuildFile; fileRef = 801B12D7199A168F007D8CD7 /* QSKeychainItemWrapper.m */; };
		801B133C199A168F007D8CD7 /* QSKeychainManager.m in Sources */ = {isa = PBXBuildFile; fileRef = 801B12D9199A168F007D8CD7 /* QSKeychainManager.m */; };
		801B133D199A168F007D8CD7 /* QSMJRefreshBaseView.m in Sources */ = {isa = PBXBuildFile; fileRef = 801B12DE199A168F007D8CD7 /* QSMJRefreshBaseView.m */; };
		801B133E199A168F007D8CD7 /* QSMJRefreshConst.m in Sources */ = {isa = PBXBuildFile; fileRef = 801B12E0199A168F007D8CD7 /* QSMJRefreshConst.m */; };
		801B133F199A168F007D8CD7 /* QSMJRefreshFooterView.m in Sources */ = {isa = PBXBuildFile; fileRef = 801B12E2199A168F007D8CD7 /* QSMJRefreshFooterView.m */; };
		801B1340199A168F007D8CD7 /* QSMJRefreshHeaderView.m in Sources */ = {isa = PBXBuildFile; fileRef = 801B12E4199A168F007D8CD7 /* QSMJRefreshHeaderView.m */; };
		801B1341199A168F007D8CD7 /* UIScrollView+QSExtension.m in Sources */ = {isa = PBXBuildFile; fileRef = 801B12E6199A168F007D8CD7 /* UIScrollView+QSExtension.m */; };
		801B1342199A168F007D8CD7 /* UIScrollView+QSMJRefresh.m in Sources */ = {isa = PBXBuildFile; fileRef = 801B12E8199A168F007D8CD7 /* UIScrollView+QSMJRefresh.m */; };
		801B1343199A168F007D8CD7 /* UIView+QSExtension.m in Sources */ = {isa = PBXBuildFile; fileRef = 801B12EA199A168F007D8CD7 /* UIView+QSExtension.m */; };
		801B134B199A168F007D8CD7 /* ADWall.m in Sources */ = {isa = PBXBuildFile; fileRef = 801B12FD199A168F007D8CD7 /* ADWall.m */; };
		801B134C199A168F007D8CD7 /* Banner.m in Sources */ = {isa = PBXBuildFile; fileRef = 801B12FF199A168F007D8CD7 /* Banner.m */; };
		801B134D199A168F007D8CD7 /* InsertScreen.m in Sources */ = {isa = PBXBuildFile; fileRef = 801B1301199A168F007D8CD7 /* InsertScreen.m */; };
		801B134E199A168F007D8CD7 /* RedireUrl.m in Sources */ = {isa = PBXBuildFile; fileRef = 801B1303199A168F007D8CD7 /* RedireUrl.m */; };
		801B134F199A168F007D8CD7 /* QSMKNetworkEngine.m in Sources */ = {isa = PBXBuildFile; fileRef = 801B1305199A168F007D8CD7 /* QSMKNetworkEngine.m */; };
		801B1350199A168F007D8CD7 /* QSMKNetworkOperation.m in Sources */ = {isa = PBXBuildFile; fileRef = 801B1308199A168F007D8CD7 /* QSMKNetworkOperation.m */; };
		801B1351199A168F007D8CD7 /* QSReachability.m in Sources */ = {isa = PBXBuildFile; fileRef = 801B130B199A168F007D8CD7 /* QSReachability.m */; };
		801B1352199A168F007D8CD7 /* MKAnnotationView+QSWebCache.m in Sources */ = {isa = PBXBuildFile; fileRef = 801B130E199A168F007D8CD7 /* MKAnnotationView+QSWebCache.m */; };
		801B1353199A168F007D8CD7 /* NSData+QSImageContentType.m in Sources */ = {isa = PBXBuildFile; fileRef = 801B1310199A168F007D8CD7 /* NSData+QSImageContentType.m */; };
		801B1354199A168F007D8CD7 /* QSSDImageCache.m in Sources */ = {isa = PBXBuildFile; fileRef = 801B1312199A168F007D8CD7 /* QSSDImageCache.m */; };
		801B1355199A168F007D8CD7 /* QSSDWebImageCompat.m in Sources */ = {isa = PBXBuildFile; fileRef = 801B1314199A168F007D8CD7 /* QSSDWebImageCompat.m */; };
		801B1356199A168F007D8CD7 /* QSSDWebImageDecoder.m in Sources */ = {isa = PBXBuildFile; fileRef = 801B1316199A168F007D8CD7 /* QSSDWebImageDecoder.m */; };
		801B1357199A168F007D8CD7 /* QSSDWebImageDownloader.m in Sources */ = {isa = PBXBuildFile; fileRef = 801B1318199A168F007D8CD7 /* QSSDWebImageDownloader.m */; };
		801B1358199A168F007D8CD7 /* QSSDWebImageDownloaderOperation.m in Sources */ = {isa = PBXBuildFile; fileRef = 801B131A199A168F007D8CD7 /* QSSDWebImageDownloaderOperation.m */; };
		801B1359199A168F007D8CD7 /* QSSDWebImageManager.m in Sources */ = {isa = PBXBuildFile; fileRef = 801B131C199A168F007D8CD7 /* QSSDWebImageManager.m */; };
		801B135A199A168F007D8CD7 /* QSSDWebImagePrefetcher.m in Sources */ = {isa = PBXBuildFile; fileRef = 801B131F199A168F007D8CD7 /* QSSDWebImagePrefetcher.m */; };
		801B135B199A168F007D8CD7 /* UIButton+QSWebCache.m in Sources */ = {isa = PBXBuildFile; fileRef = 801B1321199A168F007D8CD7 /* UIButton+QSWebCache.m */; };
		801B135C199A168F007D8CD7 /* UIImage+QSGIF.m in Sources */ = {isa = PBXBuildFile; fileRef = 801B1323199A168F007D8CD7 /* UIImage+QSGIF.m */; };
		801B135D199A168F007D8CD7 /* UIImage+QSMultiFormat.m in Sources */ = {isa = PBXBuildFile; fileRef = 801B1325199A168F007D8CD7 /* UIImage+QSMultiFormat.m */; };
		801B135E199A168F007D8CD7 /* UIImage+QSWebP.m in Sources */ = {isa = PBXBuildFile; fileRef = 801B1327199A168F007D8CD7 /* UIImage+QSWebP.m */; };
		801B135F199A168F007D8CD7 /* UIImageView+QSHighlightedWebCache.m in Sources */ = {isa = PBXBuildFile; fileRef = 801B1329199A168F007D8CD7 /* UIImageView+QSHighlightedWebCache.m */; };
		801B1360199A168F007D8CD7 /* UIImageView+QSWebCache.m in Sources */ = {isa = PBXBuildFile; fileRef = 801B132B199A168F007D8CD7 /* UIImageView+QSWebCache.m */; };
		801B1362199A168F007D8CD7 /* QSADWallCell.m in Sources */ = {isa = PBXBuildFile; fileRef = 801B1334199A168F007D8CD7 /* QSADWallCell.m */; };
		801B1364199A1B99007D8CD7 /* QSADWall.h in Copy Files (6 items) */ = {isa = PBXBuildFile; fileRef = 801B12C7199A168F007D8CD7 /* QSADWall.h */; };
		801B1365199A1B9E007D8CD7 /* QSBanner.h in Copy Files (6 items) */ = {isa = PBXBuildFile; fileRef = 801B12CC199A168F007D8CD7 /* QSBanner.h */; };
		801B1366199A1BA3007D8CD7 /* QSInsertScreen.h in Copy Files (6 items) */ = {isa = PBXBuildFile; fileRef = 801B12D2199A168F007D8CD7 /* QSInsertScreen.h */; };
		801B147D199A72FB007D8CD7 /* ADWallClose@2x.png in Resources */ = {isa = PBXBuildFile; fileRef = 801B1479199A72FB007D8CD7 /* ADWallClose@2x.png */; };
		801B147E199A72FB007D8CD7 /* boult.png in Resources */ = {isa = PBXBuildFile; fileRef = 801B147A199A72FB007D8CD7 /* boult.png */; };
		801B147F199A72FB007D8CD7 /* guanbi.png in Resources */ = {isa = PBXBuildFile; fileRef = 801B147B199A72FB007D8CD7 /* guanbi.png */; };
		801B1480199A72FB007D8CD7 /* QSADWallCell.xib in Resources */ = {isa = PBXBuildFile; fileRef = 801B147C199A72FB007D8CD7 /* QSADWallCell.xib */; };
		801B149C199A7582007D8CD7 /* QSADWallModel.m in Sources */ = {isa = PBXBuildFile; fileRef = 801B149B199A7582007D8CD7 /* QSADWallModel.m */; };
		8056B4AE199C5BE500A20918 /* ImageIO.framework in Frameworks */ = {isa = PBXBuildFile; fileRef = 8056B4AD199C5BE500A20918 /* ImageIO.framework */; };
		8056B4B0199C5BF100A20918 /* SystemConfiguration.framework in Frameworks */ = {isa = PBXBuildFile; fileRef = 8056B4AF199C5BF100A20918 /* SystemConfiguration.framework */; };
		8056B4B2199C5BF900A20918 /* AdSupport.framework in Frameworks */ = {isa = PBXBuildFile; fileRef = 8056B4B1199C5BF900A20918 /* AdSupport.framework */; };
		8056B4B4199C5C0700A20918 /* CoreGraphics.framework in Frameworks */ = {isa = PBXBuildFile; fileRef = 8056B4B3199C5C0700A20918 /* CoreGraphics.framework */; };
		8056B4B7199C5C6300A20918 /* CFNetwork.framework in Frameworks */ = {isa = PBXBuildFile; fileRef = 8056B4B6199C5C6300A20918 /* CFNetwork.framework */; };
		8056B502199C65CB00A20918 /* CoreFoundation.framework in Frameworks */ = {isa = PBXBuildFile; fileRef = 801B1486199A7321007D8CD7 /* CoreFoundation.framework */; };
		8056B50D199C65EC00A20918 /* arrow@2x.png in Resources */ = {isa = PBXBuildFile; fileRef = 800F5058199B2A5200B0A39A /* arrow@2x.png */; };
		8056B50E199C65EC00A20918 /* ADWallClose@2x.png in Resources */ = {isa = PBXBuildFile; fileRef = 801B1479199A72FB007D8CD7 /* ADWallClose@2x.png */; };
		8056B50F199C65EC00A20918 /* boult.png in Resources */ = {isa = PBXBuildFile; fileRef = 801B147A199A72FB007D8CD7 /* boult.png */; };
		8056B510199C65EC00A20918 /* guanbi.png in Resources */ = {isa = PBXBuildFile; fileRef = 801B147B199A72FB007D8CD7 /* guanbi.png */; };
		8056B511199C65EC00A20918 /* QSADWallCell.xib in Resources */ = {isa = PBXBuildFile; fileRef = 801B147C199A72FB007D8CD7 /* QSADWallCell.xib */; };
		8056B512199C65EC00A20918 /* QSReWallCell.xib in Resources */ = {isa = PBXBuildFile; fileRef = 800F503F199B17B900B0A39A /* QSReWallCell.xib */; };
		8056B513199C65F100A20918 /* libQSADWall.a in Frameworks */ = {isa = PBXBuildFile; fileRef = 801B129C199A1675007D8CD7 /* libQSADWall.a */; };
		8056B51C199C896600A20918 /* QSWall.h in Copy Files (6 items) */ = {isa = PBXBuildFile; fileRef = 8056B519199C825100A20918 /* QSWall.h */; };
		80968119199CB192007EE377 /* NSAlert+QSMKNetworkKitAdditions.m in Sources */ = {isa = PBXBuildFile; fileRef = 8096810C199CB192007EE377 /* NSAlert+QSMKNetworkKitAdditions.m */; };
		8096811A199CB192007EE377 /* NSData+QSMKBase64.m in Sources */ = {isa = PBXBuildFile; fileRef = 8096810E199CB192007EE377 /* NSData+QSMKBase64.m */; };
		8096811B199CB192007EE377 /* NSDate+QSRFC1123.m in Sources */ = {isa = PBXBuildFile; fileRef = 80968110199CB192007EE377 /* NSDate+QSRFC1123.m */; };
		8096811C199CB192007EE377 /* NSDictionary+QSRequestEncoding.m in Sources */ = {isa = PBXBuildFile; fileRef = 80968112199CB192007EE377 /* NSDictionary+QSRequestEncoding.m */; };
		8096811D199CB192007EE377 /* NSString+QSMKNetworkKitAdditions.m in Sources */ = {isa = PBXBuildFile; fileRef = 80968114199CB192007EE377 /* NSString+QSMKNetworkKitAdditions.m */; };
		8096811E199CB192007EE377 /* UIAlertView+QSMKNetworkKitAdditions.m in Sources */ = {isa = PBXBuildFile; fileRef = 80968116199CB192007EE377 /* UIAlertView+QSMKNetworkKitAdditions.m */; };
		8096811F199CB192007EE377 /* UIImageView+QSMKNetworkKitAdditions.m in Sources */ = {isa = PBXBuildFile; fileRef = 80968118199CB192007EE377 /* UIImageView+QSMKNetworkKitAdditions.m */; };
		80D3A97E19A730C800454F64 /* QSWall.m in Sources */ = {isa = PBXBuildFile; fileRef = 80D3A97D19A730C800454F64 /* QSWall.m */; };
/* End PBXBuildFile section */

/* Begin PBXContainerItemProxy section */
		801B12B2199A1675007D8CD7 /* PBXContainerItemProxy */ = {
			isa = PBXContainerItemProxy;
			containerPortal = 801B1294199A1675007D8CD7 /* Project object */;
			proxyType = 1;
			remoteGlobalIDString = 801B129B199A1675007D8CD7;
			remoteInfo = QSADWall;
		};
/* End PBXContainerItemProxy section */

/* Begin PBXCopyFilesBuildPhase section */
		801B129A199A1675007D8CD7 /* Copy Files (6 items) */ = {
			isa = PBXCopyFilesBuildPhase;
			buildActionMask = 12;
			dstPath = "include/$(PRODUCT_NAME)";
			dstSubfolderSpec = 16;
			files = (
				8056B51C199C896600A20918 /* QSWall.h in Copy Files (6 items) */,
				800F5052199B186400B0A39A /* QSReWall.h in Copy Files (6 items) */,
				801B1366199A1BA3007D8CD7 /* QSInsertScreen.h in Copy Files (6 items) */,
				801B1365199A1B9E007D8CD7 /* QSBanner.h in Copy Files (6 items) */,
				801B1364199A1B99007D8CD7 /* QSADWall.h in Copy Files (6 items) */,
			);
			name = "Copy Files (6 items)";
			runOnlyForDeploymentPostprocessing = 0;
		};
/* End PBXCopyFilesBuildPhase section */

/* Begin PBXFileReference section */
		800F503F199B17B900B0A39A /* QSReWallCell.xib */ = {isa = PBXFileReference; fileEncoding = 4; lastKnownFileType = file.xib; path = QSReWallCell.xib; sourceTree = "<group>"; };
		800F5041199B17C300B0A39A /* QSReWallCell.h */ = {isa = PBXFileReference; fileEncoding = 4; lastKnownFileType = sourcecode.c.h; path = QSReWallCell.h; sourceTree = "<group>"; };
		800F5042199B17C300B0A39A /* QSReWallCell.m */ = {isa = PBXFileReference; fileEncoding = 4; lastKnownFileType = sourcecode.c.objc; path = QSReWallCell.m; sourceTree = "<group>"; };
		800F5045199B17D000B0A39A /* QSReWall.h */ = {isa = PBXFileReference; fileEncoding = 4; lastKnownFileType = sourcecode.c.h; path = QSReWall.h; sourceTree = "<group>"; };
		800F5046199B17D000B0A39A /* QSReWall.m */ = {isa = PBXFileReference; fileEncoding = 4; lastKnownFileType = sourcecode.c.objc; path = QSReWall.m; sourceTree = "<group>"; };
		800F5047199B17D000B0A39A /* QSReWallViewController.h */ = {isa = PBXFileReference; fileEncoding = 4; lastKnownFileType = sourcecode.c.h; path = QSReWallViewController.h; sourceTree = "<group>"; };
		800F5048199B17D000B0A39A /* QSReWallViewController.m */ = {isa = PBXFileReference; fileEncoding = 4; lastKnownFileType = sourcecode.c.objc; path = QSReWallViewController.m; sourceTree = "<group>"; };
		800F504C199B181900B0A39A /* ReWall.h */ = {isa = PBXFileReference; fileEncoding = 4; lastKnownFileType = sourcecode.c.h; path = ReWall.h; sourceTree = "<group>"; };
		800F504D199B181900B0A39A /* ReWall.m */ = {isa = PBXFileReference; fileEncoding = 4; lastKnownFileType = sourcecode.c.objc; path = ReWall.m; sourceTree = "<group>"; };
		800F504F199B182E00B0A39A /* QSReWallModel.h */ = {isa = PBXFileReference; fileEncoding = 4; lastKnownFileType = sourcecode.c.h; path = QSReWallModel.h; sourceTree = "<group>"; };
		800F5050199B182E00B0A39A /* QSReWallModel.m */ = {isa = PBXFileReference; fileEncoding = 4; lastKnownFileType = sourcecode.c.objc; path = QSReWallModel.m; sourceTree = "<group>"; };
		800F5058199B2A5200B0A39A /* arrow@2x.png */ = {isa = PBXFileReference; lastKnownFileType = image.png; path = "arrow@2x.png"; sourceTree = "<group>"; };
		801B129C199A1675007D8CD7 /* libQSADWall.a */ = {isa = PBXFileReference; explicitFileType = archive.ar; includeInIndex = 0; path = libQSADWall.a; sourceTree = BUILT_PRODUCTS_DIR; };
		801B129F199A1675007D8CD7 /* Foundation.framework */ = {isa = PBXFileReference; lastKnownFileType = wrapper.framework; name = Foundation.framework; path = System/Library/Frameworks/Foundation.framework; sourceTree = SDKROOT; };
		801B12A3199A1675007D8CD7 /* QSADWall-Prefix.pch */ = {isa = PBXFileReference; lastKnownFileType = sourcecode.c.h; path = "QSADWall-Prefix.pch"; sourceTree = "<group>"; };
		801B12AC199A1675007D8CD7 /* QSADWallTests.xctest */ = {isa = PBXFileReference; explicitFileType = wrapper.cfbundle; includeInIndex = 0; path = QSADWallTests.xctest; sourceTree = BUILT_PRODUCTS_DIR; };
		801B12AD199A1675007D8CD7 /* XCTest.framework */ = {isa = PBXFileReference; lastKnownFileType = wrapper.framework; name = XCTest.framework; path = Library/Frameworks/XCTest.framework; sourceTree = DEVELOPER_DIR; };
		801B12B0199A1675007D8CD7 /* UIKit.framework */ = {isa = PBXFileReference; lastKnownFileType = wrapper.framework; name = UIKit.framework; path = Library/Frameworks/UIKit.framework; sourceTree = DEVELOPER_DIR; };
		801B12B7199A1675007D8CD7 /* QSADWallTests-Info.plist */ = {isa = PBXFileReference; lastKnownFileType = text.plist.xml; path = "QSADWallTests-Info.plist"; sourceTree = "<group>"; };
		801B12B9199A1675007D8CD7 /* en */ = {isa = PBXFileReference; lastKnownFileType = text.plist.strings; name = en; path = en.lproj/InfoPlist.strings; sourceTree = "<group>"; };
		801B12BB199A1675007D8CD7 /* QSADWallTests.m */ = {isa = PBXFileReference; lastKnownFileType = sourcecode.c.objc; path = QSADWallTests.m; sourceTree = "<group>"; };
		801B12C7199A168F007D8CD7 /* QSADWall.h */ = {isa = PBXFileReference; fileEncoding = 4; lastKnownFileType = sourcecode.c.h; path = QSADWall.h; sourceTree = "<group>"; };
		801B12C8199A168F007D8CD7 /* QSADWall.m */ = {isa = PBXFileReference; fileEncoding = 4; lastKnownFileType = sourcecode.c.objc; path = QSADWall.m; sourceTree = "<group>"; };
		801B12C9199A168F007D8CD7 /* QSADWallViewController.h */ = {isa = PBXFileReference; fileEncoding = 4; lastKnownFileType = sourcecode.c.h; path = QSADWallViewController.h; sourceTree = "<group>"; };
		801B12CA199A168F007D8CD7 /* QSADWallViewController.m */ = {isa = PBXFileReference; fileEncoding = 4; lastKnownFileType = sourcecode.c.objc; path = QSADWallViewController.m; sourceTree = "<group>"; };
		801B12CC199A168F007D8CD7 /* QSBanner.h */ = {isa = PBXFileReference; fileEncoding = 4; lastKnownFileType = sourcecode.c.h; path = QSBanner.h; sourceTree = "<group>"; };
		801B12CD199A168F007D8CD7 /* QSBanner.m */ = {isa = PBXFileReference; fileEncoding = 4; lastKnownFileType = sourcecode.c.objc; path = QSBanner.m; sourceTree = "<group>"; };
		801B12CF199A168F007D8CD7 /* QSGlobalFunction.h */ = {isa = PBXFileReference; fileEncoding = 4; lastKnownFileType = sourcecode.c.h; path = QSGlobalFunction.h; sourceTree = "<group>"; };
		801B12D0199A168F007D8CD7 /* QSGlobalFunction.m */ = {isa = PBXFileReference; fileEncoding = 4; lastKnownFileType = sourcecode.c.objc; path = QSGlobalFunction.m; sourceTree = "<group>"; };
		801B12D2199A168F007D8CD7 /* QSInsertScreen.h */ = {isa = PBXFileReference; fileEncoding = 4; lastKnownFileType = sourcecode.c.h; path = QSInsertScreen.h; sourceTree = "<group>"; };
		801B12D3199A168F007D8CD7 /* QSInsertScreen.m */ = {isa = PBXFileReference; fileEncoding = 4; lastKnownFileType = sourcecode.c.objc; path = QSInsertScreen.m; sourceTree = "<group>"; };
		801B12D6199A168F007D8CD7 /* QSKeychainItemWrapper.h */ = {isa = PBXFileReference; fileEncoding = 4; lastKnownFileType = sourcecode.c.h; path = QSKeychainItemWrapper.h; sourceTree = "<group>"; };
		801B12D7199A168F007D8CD7 /* QSKeychainItemWrapper.m */ = {isa = PBXFileReference; fileEncoding = 4; lastKnownFileType = sourcecode.c.objc; path = QSKeychainItemWrapper.m; sourceTree = "<group>"; };
		801B12D8199A168F007D8CD7 /* QSKeychainManager.h */ = {isa = PBXFileReference; fileEncoding = 4; lastKnownFileType = sourcecode.c.h; path = QSKeychainManager.h; sourceTree = "<group>"; };
		801B12D9199A168F007D8CD7 /* QSKeychainManager.m */ = {isa = PBXFileReference; fileEncoding = 4; lastKnownFileType = sourcecode.c.objc; path = QSKeychainManager.m; sourceTree = "<group>"; };
		801B12DC199A168F007D8CD7 /* QSMJRefresh.h */ = {isa = PBXFileReference; fileEncoding = 4; lastKnownFileType = sourcecode.c.h; path = QSMJRefresh.h; sourceTree = "<group>"; };
		801B12DD199A168F007D8CD7 /* QSMJRefreshBaseView.h */ = {isa = PBXFileReference; fileEncoding = 4; lastKnownFileType = sourcecode.c.h; path = QSMJRefreshBaseView.h; sourceTree = "<group>"; };
		801B12DE199A168F007D8CD7 /* QSMJRefreshBaseView.m */ = {isa = PBXFileReference; fileEncoding = 4; lastKnownFileType = sourcecode.c.objc; path = QSMJRefreshBaseView.m; sourceTree = "<group>"; };
		801B12DF199A168F007D8CD7 /* QSMJRefreshConst.h */ = {isa = PBXFileReference; fileEncoding = 4; lastKnownFileType = sourcecode.c.h; path = QSMJRefreshConst.h; sourceTree = "<group>"; };
		801B12E0199A168F007D8CD7 /* QSMJRefreshConst.m */ = {isa = PBXFileReference; fileEncoding = 4; lastKnownFileType = sourcecode.c.objc; path = QSMJRefreshConst.m; sourceTree = "<group>"; };
		801B12E1199A168F007D8CD7 /* QSMJRefreshFooterView.h */ = {isa = PBXFileReference; fileEncoding = 4; lastKnownFileType = sourcecode.c.h; path = QSMJRefreshFooterView.h; sourceTree = "<group>"; };
		801B12E2199A168F007D8CD7 /* QSMJRefreshFooterView.m */ = {isa = PBXFileReference; fileEncoding = 4; lastKnownFileType = sourcecode.c.objc; path = QSMJRefreshFooterView.m; sourceTree = "<group>"; };
		801B12E3199A168F007D8CD7 /* QSMJRefreshHeaderView.h */ = {isa = PBXFileReference; fileEncoding = 4; lastKnownFileType = sourcecode.c.h; path = QSMJRefreshHeaderView.h; sourceTree = "<group>"; };
		801B12E4199A168F007D8CD7 /* QSMJRefreshHeaderView.m */ = {isa = PBXFileReference; fileEncoding = 4; lastKnownFileType = sourcecode.c.objc; path = QSMJRefreshHeaderView.m; sourceTree = "<group>"; };
		801B12E5199A168F007D8CD7 /* UIScrollView+QSExtension.h */ = {isa = PBXFileReference; fileEncoding = 4; lastKnownFileType = sourcecode.c.h; path = "UIScrollView+QSExtension.h"; sourceTree = "<group>"; };
		801B12E6199A168F007D8CD7 /* UIScrollView+QSExtension.m */ = {isa = PBXFileReference; fileEncoding = 4; lastKnownFileType = sourcecode.c.objc; path = "UIScrollView+QSExtension.m"; sourceTree = "<group>"; };
		801B12E7199A168F007D8CD7 /* UIScrollView+QSMJRefresh.h */ = {isa = PBXFileReference; fileEncoding = 4; lastKnownFileType = sourcecode.c.h; path = "UIScrollView+QSMJRefresh.h"; sourceTree = "<group>"; };
		801B12E8199A168F007D8CD7 /* UIScrollView+QSMJRefresh.m */ = {isa = PBXFileReference; fileEncoding = 4; lastKnownFileType = sourcecode.c.objc; path = "UIScrollView+QSMJRefresh.m"; sourceTree = "<group>"; };
		801B12E9199A168F007D8CD7 /* UIView+QSExtension.h */ = {isa = PBXFileReference; fileEncoding = 4; lastKnownFileType = sourcecode.c.h; path = "UIView+QSExtension.h"; sourceTree = "<group>"; };
		801B12EA199A168F007D8CD7 /* UIView+QSExtension.m */ = {isa = PBXFileReference; fileEncoding = 4; lastKnownFileType = sourcecode.c.objc; path = "UIView+QSExtension.m"; sourceTree = "<group>"; };
		801B12FC199A168F007D8CD7 /* ADWall.h */ = {isa = PBXFileReference; fileEncoding = 4; lastKnownFileType = sourcecode.c.h; path = ADWall.h; sourceTree = "<group>"; };
		801B12FD199A168F007D8CD7 /* ADWall.m */ = {isa = PBXFileReference; fileEncoding = 4; lastKnownFileType = sourcecode.c.objc; path = ADWall.m; sourceTree = "<group>"; };
		801B12FE199A168F007D8CD7 /* Banner.h */ = {isa = PBXFileReference; fileEncoding = 4; lastKnownFileType = sourcecode.c.h; path = Banner.h; sourceTree = "<group>"; };
		801B12FF199A168F007D8CD7 /* Banner.m */ = {isa = PBXFileReference; fileEncoding = 4; lastKnownFileType = sourcecode.c.objc; path = Banner.m; sourceTree = "<group>"; };
		801B1300199A168F007D8CD7 /* InsertScreen.h */ = {isa = PBXFileReference; fileEncoding = 4; lastKnownFileType = sourcecode.c.h; path = InsertScreen.h; sourceTree = "<group>"; };
		801B1301199A168F007D8CD7 /* InsertScreen.m */ = {isa = PBXFileReference; fileEncoding = 4; lastKnownFileType = sourcecode.c.objc; path = InsertScreen.m; sourceTree = "<group>"; };
		801B1302199A168F007D8CD7 /* RedireUrl.h */ = {isa = PBXFileReference; fileEncoding = 4; lastKnownFileType = sourcecode.c.h; path = RedireUrl.h; sourceTree = "<group>"; };
		801B1303199A168F007D8CD7 /* RedireUrl.m */ = {isa = PBXFileReference; fileEncoding = 4; lastKnownFileType = sourcecode.c.objc; path = RedireUrl.m; sourceTree = "<group>"; };
		801B1304199A168F007D8CD7 /* QSMKNetworkEngine.h */ = {isa = PBXFileReference; fileEncoding = 4; lastKnownFileType = sourcecode.c.h; path = QSMKNetworkEngine.h; sourceTree = "<group>"; };
		801B1305199A168F007D8CD7 /* QSMKNetworkEngine.m */ = {isa = PBXFileReference; fileEncoding = 4; lastKnownFileType = sourcecode.c.objc; path = QSMKNetworkEngine.m; sourceTree = "<group>"; };
		801B1306199A168F007D8CD7 /* QSMKNetworkKit.h */ = {isa = PBXFileReference; fileEncoding = 4; lastKnownFileType = sourcecode.c.h; path = QSMKNetworkKit.h; sourceTree = "<group>"; };
		801B1307199A168F007D8CD7 /* QSMKNetworkOperation.h */ = {isa = PBXFileReference; fileEncoding = 4; lastKnownFileType = sourcecode.c.h; path = QSMKNetworkOperation.h; sourceTree = "<group>"; };
		801B1308199A168F007D8CD7 /* QSMKNetworkOperation.m */ = {isa = PBXFileReference; fileEncoding = 4; lastKnownFileType = sourcecode.c.objc; path = QSMKNetworkOperation.m; sourceTree = "<group>"; };
		801B130A199A168F007D8CD7 /* QSReachability.h */ = {isa = PBXFileReference; fileEncoding = 4; lastKnownFileType = sourcecode.c.h; path = QSReachability.h; sourceTree = "<group>"; };
		801B130B199A168F007D8CD7 /* QSReachability.m */ = {isa = PBXFileReference; fileEncoding = 4; lastKnownFileType = sourcecode.c.objc; path = QSReachability.m; sourceTree = "<group>"; };
		801B130D199A168F007D8CD7 /* MKAnnotationView+QSWebCache.h */ = {isa = PBXFileReference; fileEncoding = 4; lastKnownFileType = sourcecode.c.h; path = "MKAnnotationView+QSWebCache.h"; sourceTree = "<group>"; };
		801B130E199A168F007D8CD7 /* MKAnnotationView+QSWebCache.m */ = {isa = PBXFileReference; fileEncoding = 4; lastKnownFileType = sourcecode.c.objc; path = "MKAnnotationView+QSWebCache.m"; sourceTree = "<group>"; };
		801B130F199A168F007D8CD7 /* NSData+QSImageContentType.h */ = {isa = PBXFileReference; fileEncoding = 4; lastKnownFileType = sourcecode.c.h; path = "NSData+QSImageContentType.h"; sourceTree = "<group>"; };
		801B1310199A168F007D8CD7 /* NSData+QSImageContentType.m */ = {isa = PBXFileReference; fileEncoding = 4; lastKnownFileType = sourcecode.c.objc; path = "NSData+QSImageContentType.m"; sourceTree = "<group>"; };
		801B1311199A168F007D8CD7 /* QSSDImageCache.h */ = {isa = PBXFileReference; fileEncoding = 4; lastKnownFileType = sourcecode.c.h; path = QSSDImageCache.h; sourceTree = "<group>"; };
		801B1312199A168F007D8CD7 /* QSSDImageCache.m */ = {isa = PBXFileReference; fileEncoding = 4; lastKnownFileType = sourcecode.c.objc; path = QSSDImageCache.m; sourceTree = "<group>"; };
		801B1313199A168F007D8CD7 /* QSSDWebImageCompat.h */ = {isa = PBXFileReference; fileEncoding = 4; lastKnownFileType = sourcecode.c.h; path = QSSDWebImageCompat.h; sourceTree = "<group>"; };
		801B1314199A168F007D8CD7 /* QSSDWebImageCompat.m */ = {isa = PBXFileReference; fileEncoding = 4; lastKnownFileType = sourcecode.c.objc; path = QSSDWebImageCompat.m; sourceTree = "<group>"; };
		801B1315199A168F007D8CD7 /* QSSDWebImageDecoder.h */ = {isa = PBXFileReference; fileEncoding = 4; lastKnownFileType = sourcecode.c.h; path = QSSDWebImageDecoder.h; sourceTree = "<group>"; };
		801B1316199A168F007D8CD7 /* QSSDWebImageDecoder.m */ = {isa = PBXFileReference; fileEncoding = 4; lastKnownFileType = sourcecode.c.objc; path = QSSDWebImageDecoder.m; sourceTree = "<group>"; };
		801B1317199A168F007D8CD7 /* QSSDWebImageDownloader.h */ = {isa = PBXFileReference; fileEncoding = 4; lastKnownFileType = sourcecode.c.h; path = QSSDWebImageDownloader.h; sourceTree = "<group>"; };
		801B1318199A168F007D8CD7 /* QSSDWebImageDownloader.m */ = {isa = PBXFileReference; fileEncoding = 4; lastKnownFileType = sourcecode.c.objc; path = QSSDWebImageDownloader.m; sourceTree = "<group>"; };
		801B1319199A168F007D8CD7 /* QSSDWebImageDownloaderOperation.h */ = {isa = PBXFileReference; fileEncoding = 4; lastKnownFileType = sourcecode.c.h; path = QSSDWebImageDownloaderOperation.h; sourceTree = "<group>"; };
		801B131A199A168F007D8CD7 /* QSSDWebImageDownloaderOperation.m */ = {isa = PBXFileReference; fileEncoding = 4; lastKnownFileType = sourcecode.c.objc; path = QSSDWebImageDownloaderOperation.m; sourceTree = "<group>"; };
		801B131B199A168F007D8CD7 /* QSSDWebImageManager.h */ = {isa = PBXFileReference; fileEncoding = 4; lastKnownFileType = sourcecode.c.h; path = QSSDWebImageManager.h; sourceTree = "<group>"; };
		801B131C199A168F007D8CD7 /* QSSDWebImageManager.m */ = {isa = PBXFileReference; fileEncoding = 4; lastKnownFileType = sourcecode.c.objc; path = QSSDWebImageManager.m; sourceTree = "<group>"; };
		801B131D199A168F007D8CD7 /* QSSDWebImageOperation.h */ = {isa = PBXFileReference; fileEncoding = 4; lastKnownFileType = sourcecode.c.h; path = QSSDWebImageOperation.h; sourceTree = "<group>"; };
		801B131E199A168F007D8CD7 /* QSSDWebImagePrefetcher.h */ = {isa = PBXFileReference; fileEncoding = 4; lastKnownFileType = sourcecode.c.h; path = QSSDWebImagePrefetcher.h; sourceTree = "<group>"; };
		801B131F199A168F007D8CD7 /* QSSDWebImagePrefetcher.m */ = {isa = PBXFileReference; fileEncoding = 4; lastKnownFileType = sourcecode.c.objc; path = QSSDWebImagePrefetcher.m; sourceTree = "<group>"; };
		801B1320199A168F007D8CD7 /* UIButton+QSWebCache.h */ = {isa = PBXFileReference; fileEncoding = 4; lastKnownFileType = sourcecode.c.h; path = "UIButton+QSWebCache.h"; sourceTree = "<group>"; };
		801B1321199A168F007D8CD7 /* UIButton+QSWebCache.m */ = {isa = PBXFileReference; fileEncoding = 4; lastKnownFileType = sourcecode.c.objc; path = "UIButton+QSWebCache.m"; sourceTree = "<group>"; };
		801B1322199A168F007D8CD7 /* UIImage+QSGIF.h */ = {isa = PBXFileReference; fileEncoding = 4; lastKnownFileType = sourcecode.c.h; path = "UIImage+QSGIF.h"; sourceTree = "<group>"; };
		801B1323199A168F007D8CD7 /* UIImage+QSGIF.m */ = {isa = PBXFileReference; fileEncoding = 4; lastKnownFileType = sourcecode.c.objc; path = "UIImage+QSGIF.m"; sourceTree = "<group>"; };
		801B1324199A168F007D8CD7 /* UIImage+QSMultiFormat.h */ = {isa = PBXFileReference; fileEncoding = 4; lastKnownFileType = sourcecode.c.h; path = "UIImage+QSMultiFormat.h"; sourceTree = "<group>"; };
		801B1325199A168F007D8CD7 /* UIImage+QSMultiFormat.m */ = {isa = PBXFileReference; fileEncoding = 4; lastKnownFileType = sourcecode.c.objc; path = "UIImage+QSMultiFormat.m"; sourceTree = "<group>"; };
		801B1326199A168F007D8CD7 /* UIImage+QSWebP.h */ = {isa = PBXFileReference; fileEncoding = 4; lastKnownFileType = sourcecode.c.h; path = "UIImage+QSWebP.h"; sourceTree = "<group>"; };
		801B1327199A168F007D8CD7 /* UIImage+QSWebP.m */ = {isa = PBXFileReference; fileEncoding = 4; lastKnownFileType = sourcecode.c.objc; path = "UIImage+QSWebP.m"; sourceTree = "<group>"; };
		801B1328199A168F007D8CD7 /* UIImageView+QSHighlightedWebCache.h */ = {isa = PBXFileReference; fileEncoding = 4; lastKnownFileType = sourcecode.c.h; path = "UIImageView+QSHighlightedWebCache.h"; sourceTree = "<group>"; };
		801B1329199A168F007D8CD7 /* UIImageView+QSHighlightedWebCache.m */ = {isa = PBXFileReference; fileEncoding = 4; lastKnownFileType = sourcecode.c.objc; path = "UIImageView+QSHighlightedWebCache.m"; sourceTree = "<group>"; };
		801B132A199A168F007D8CD7 /* UIImageView+QSWebCache.h */ = {isa = PBXFileReference; fileEncoding = 4; lastKnownFileType = sourcecode.c.h; path = "UIImageView+QSWebCache.h"; sourceTree = "<group>"; };
		801B132B199A168F007D8CD7 /* UIImageView+QSWebCache.m */ = {isa = PBXFileReference; fileEncoding = 4; lastKnownFileType = sourcecode.c.objc; path = "UIImageView+QSWebCache.m"; sourceTree = "<group>"; };
		801B1333199A168F007D8CD7 /* QSADWallCell.h */ = {isa = PBXFileReference; fileEncoding = 4; lastKnownFileType = sourcecode.c.h; path = QSADWallCell.h; sourceTree = "<group>"; };
		801B1334199A168F007D8CD7 /* QSADWallCell.m */ = {isa = PBXFileReference; fileEncoding = 4; lastKnownFileType = sourcecode.c.objc; path = QSADWallCell.m; sourceTree = "<group>"; };
		801B1479199A72FB007D8CD7 /* ADWallClose@2x.png */ = {isa = PBXFileReference; lastKnownFileType = image.png; path = "ADWallClose@2x.png"; sourceTree = "<group>"; };
		801B147A199A72FB007D8CD7 /* boult.png */ = {isa = PBXFileReference; lastKnownFileType = image.png; path = boult.png; sourceTree = "<group>"; };
		801B147B199A72FB007D8CD7 /* guanbi.png */ = {isa = PBXFileReference; lastKnownFileType = image.png; path = guanbi.png; sourceTree = "<group>"; };
		801B147C199A72FB007D8CD7 /* QSADWallCell.xib */ = {isa = PBXFileReference; fileEncoding = 4; lastKnownFileType = file.xib; path = QSADWallCell.xib; sourceTree = "<group>"; };
		801B1486199A7321007D8CD7 /* CoreFoundation.framework */ = {isa = PBXFileReference; lastKnownFileType = wrapper.framework; name = CoreFoundation.framework; path = System/Library/Frameworks/CoreFoundation.framework; sourceTree = SDKROOT; };
		801B148A199A7321007D8CD7 /* Resource-Info.plist */ = {isa = PBXFileReference; lastKnownFileType = text.plist.xml; path = "Resource-Info.plist"; sourceTree = "<group>"; };
		801B148C199A7321007D8CD7 /* en */ = {isa = PBXFileReference; lastKnownFileType = text.plist.strings; name = en; path = en.lproj/InfoPlist.strings; sourceTree = "<group>"; };
		801B148E199A7321007D8CD7 /* Resource-Prefix.pch */ = {isa = PBXFileReference; lastKnownFileType = sourcecode.c.h; path = "Resource-Prefix.pch"; sourceTree = "<group>"; };
		801B149A199A7582007D8CD7 /* QSADWallModel.h */ = {isa = PBXFileReference; fileEncoding = 4; lastKnownFileType = sourcecode.c.h; path = QSADWallModel.h; sourceTree = "<group>"; };
		801B149B199A7582007D8CD7 /* QSADWallModel.m */ = {isa = PBXFileReference; fileEncoding = 4; lastKnownFileType = sourcecode.c.objc; path = QSADWallModel.m; sourceTree = "<group>"; };
		8056B4AD199C5BE500A20918 /* ImageIO.framework */ = {isa = PBXFileReference; lastKnownFileType = wrapper.framework; name = ImageIO.framework; path = System/Library/Frameworks/ImageIO.framework; sourceTree = SDKROOT; };
		8056B4AF199C5BF100A20918 /* SystemConfiguration.framework */ = {isa = PBXFileReference; lastKnownFileType = wrapper.framework; name = SystemConfiguration.framework; path = System/Library/Frameworks/SystemConfiguration.framework; sourceTree = SDKROOT; };
		8056B4B1199C5BF900A20918 /* AdSupport.framework */ = {isa = PBXFileReference; lastKnownFileType = wrapper.framework; name = AdSupport.framework; path = System/Library/Frameworks/AdSupport.framework; sourceTree = SDKROOT; };
		8056B4B3199C5C0700A20918 /* CoreGraphics.framework */ = {isa = PBXFileReference; lastKnownFileType = wrapper.framework; name = CoreGraphics.framework; path = System/Library/Frameworks/CoreGraphics.framework; sourceTree = SDKROOT; };
		8056B4B6199C5C6300A20918 /* CFNetwork.framework */ = {isa = PBXFileReference; lastKnownFileType = wrapper.framework; name = CFNetwork.framework; path = System/Library/Frameworks/CFNetwork.framework; sourceTree = SDKROOT; };
		8056B4C0199C5ECF00A20918 /* QSADWallResource-Info.plist */ = {isa = PBXFileReference; lastKnownFileType = text.plist.xml; path = "QSADWallResource-Info.plist"; sourceTree = "<group>"; };
		8056B4C2199C5ECF00A20918 /* en */ = {isa = PBXFileReference; lastKnownFileType = text.plist.strings; name = en; path = en.lproj/InfoPlist.strings; sourceTree = "<group>"; };
		8056B4C4199C5ECF00A20918 /* QSADWallResource-Prefix.pch */ = {isa = PBXFileReference; lastKnownFileType = sourcecode.c.h; path = "QSADWallResource-Prefix.pch"; sourceTree = "<group>"; };
		8056B4D7199C630B00A20918 /* QSADWallResource-Info.plist */ = {isa = PBXFileReference; lastKnownFileType = text.plist.xml; path = "QSADWallResource-Info.plist"; sourceTree = "<group>"; };
		8056B4D9199C630B00A20918 /* en */ = {isa = PBXFileReference; lastKnownFileType = text.plist.strings; name = en; path = en.lproj/InfoPlist.strings; sourceTree = "<group>"; };
		8056B4DB199C630B00A20918 /* QSADWallResource-Prefix.pch */ = {isa = PBXFileReference; lastKnownFileType = sourcecode.c.h; path = "QSADWallResource-Prefix.pch"; sourceTree = "<group>"; };
		8056B4EE199C654900A20918 /* QSWallResource-Info.plist */ = {isa = PBXFileReference; lastKnownFileType = text.plist.xml; path = "QSWallResource-Info.plist"; sourceTree = "<group>"; };
		8056B4F0199C654900A20918 /* en */ = {isa = PBXFileReference; lastKnownFileType = text.plist.strings; name = en; path = en.lproj/InfoPlist.strings; sourceTree = "<group>"; };
		8056B4F2199C654900A20918 /* QSWallResource-Prefix.pch */ = {isa = PBXFileReference; lastKnownFileType = sourcecode.c.h; path = "QSWallResource-Prefix.pch"; sourceTree = "<group>"; };
		8056B501199C65CB00A20918 /* QSWallResource.bundle */ = {isa = PBXFileReference; explicitFileType = wrapper.cfbundle; includeInIndex = 0; path = QSWallResource.bundle; sourceTree = BUILT_PRODUCTS_DIR; };
		8056B505199C65CB00A20918 /* QSWallResource-Info.plist */ = {isa = PBXFileReference; lastKnownFileType = text.plist.xml; path = "QSWallResource-Info.plist"; sourceTree = "<group>"; };
		8056B507199C65CB00A20918 /* en */ = {isa = PBXFileReference; lastKnownFileType = text.plist.strings; name = en; path = en.lproj/InfoPlist.strings; sourceTree = "<group>"; };
		8056B509199C65CB00A20918 /* QSWallResource-Prefix.pch */ = {isa = PBXFileReference; lastKnownFileType = sourcecode.c.h; path = "QSWallResource-Prefix.pch"; sourceTree = "<group>"; };
		8056B519199C825100A20918 /* QSWall.h */ = {isa = PBXFileReference; fileEncoding = 4; lastKnownFileType = sourcecode.c.h; path = QSWall.h; sourceTree = "<group>"; };
		8096810B199CB192007EE377 /* NSAlert+QSMKNetworkKitAdditions.h */ = {isa = PBXFileReference; fileEncoding = 4; lastKnownFileType = sourcecode.c.h; path = "NSAlert+QSMKNetworkKitAdditions.h"; sourceTree = "<group>"; };
		8096810C199CB192007EE377 /* NSAlert+QSMKNetworkKitAdditions.m */ = {isa = PBXFileReference; fileEncoding = 4; lastKnownFileType = sourcecode.c.objc; path = "NSAlert+QSMKNetworkKitAdditions.m"; sourceTree = "<group>"; };
		8096810D199CB192007EE377 /* NSData+QSMKBase64.h */ = {isa = PBXFileReference; fileEncoding = 4; lastKnownFileType = sourcecode.c.h; path = "NSData+QSMKBase64.h"; sourceTree = "<group>"; };
		8096810E199CB192007EE377 /* NSData+QSMKBase64.m */ = {isa = PBXFileReference; fileEncoding = 4; lastKnownFileType = sourcecode.c.objc; path = "NSData+QSMKBase64.m"; sourceTree = "<group>"; };
		8096810F199CB192007EE377 /* NSDate+QSRFC1123.h */ = {isa = PBXFileReference; fileEncoding = 4; lastKnownFileType = sourcecode.c.h; path = "NSDate+QSRFC1123.h"; sourceTree = "<group>"; };
		80968110199CB192007EE377 /* NSDate+QSRFC1123.m */ = {isa = PBXFileReference; fileEncoding = 4; lastKnownFileType = sourcecode.c.objc; path = "NSDate+QSRFC1123.m"; sourceTree = "<group>"; };
		80968111199CB192007EE377 /* NSDictionary+QSRequestEncoding.h */ = {isa = PBXFileReference; fileEncoding = 4; lastKnownFileType = sourcecode.c.h; path = "NSDictionary+QSRequestEncoding.h"; sourceTree = "<group>"; };
		80968112199CB192007EE377 /* NSDictionary+QSRequestEncoding.m */ = {isa = PBXFileReference; fileEncoding = 4; lastKnownFileType = sourcecode.c.objc; path = "NSDictionary+QSRequestEncoding.m"; sourceTree = "<group>"; };
		80968113199CB192007EE377 /* NSString+QSMKNetworkKitAdditions.h */ = {isa = PBXFileReference; fileEncoding = 4; lastKnownFileType = sourcecode.c.h; path = "NSString+QSMKNetworkKitAdditions.h"; sourceTree = "<group>"; };
		80968114199CB192007EE377 /* NSString+QSMKNetworkKitAdditions.m */ = {isa = PBXFileReference; fileEncoding = 4; lastKnownFileType = sourcecode.c.objc; path = "NSString+QSMKNetworkKitAdditions.m"; sourceTree = "<group>"; };
		80968115199CB192007EE377 /* UIAlertView+QSMKNetworkKitAdditions.h */ = {isa = PBXFileReference; fileEncoding = 4; lastKnownFileType = sourcecode.c.h; path = "UIAlertView+QSMKNetworkKitAdditions.h"; sourceTree = "<group>"; };
		80968116199CB192007EE377 /* UIAlertView+QSMKNetworkKitAdditions.m */ = {isa = PBXFileReference; fileEncoding = 4; lastKnownFileType = sourcecode.c.objc; path = "UIAlertView+QSMKNetworkKitAdditions.m"; sourceTree = "<group>"; };
		80968117199CB192007EE377 /* UIImageView+QSMKNetworkKitAdditions.h */ = {isa = PBXFileReference; fileEncoding = 4; lastKnownFileType = sourcecode.c.h; path = "UIImageView+QSMKNetworkKitAdditions.h"; sourceTree = "<group>"; };
		80968118199CB192007EE377 /* UIImageView+QSMKNetworkKitAdditions.m */ = {isa = PBXFileReference; fileEncoding = 4; lastKnownFileType = sourcecode.c.objc; path = "UIImageView+QSMKNetworkKitAdditions.m"; sourceTree = "<group>"; };
		80D3A97D19A730C800454F64 /* QSWall.m */ = {isa = PBXFileReference; fileEncoding = 4; lastKnownFileType = sourcecode.c.objc; path = QSWall.m; sourceTree = "<group>"; };
/* End PBXFileReference section */

/* Begin PBXFrameworksBuildPhase section */
		801B1299199A1675007D8CD7 /* Frameworks */ = {
			isa = PBXFrameworksBuildPhase;
			buildActionMask = 2147483647;
			files = (
				8056B4B7199C5C6300A20918 /* CFNetwork.framework in Frameworks */,
				8056B4B4199C5C0700A20918 /* CoreGraphics.framework in Frameworks */,
				8056B4B2199C5BF900A20918 /* AdSupport.framework in Frameworks */,
				8056B4B0199C5BF100A20918 /* SystemConfiguration.framework in Frameworks */,
				8056B4AE199C5BE500A20918 /* ImageIO.framework in Frameworks */,
				801B12A0199A1675007D8CD7 /* Foundation.framework in Frameworks */,
			);
			runOnlyForDeploymentPostprocessing = 0;
		};
		801B12A9199A1675007D8CD7 /* Frameworks */ = {
			isa = PBXFrameworksBuildPhase;
			buildActionMask = 2147483647;
			files = (
				801B12B4199A1675007D8CD7 /* libQSADWall.a in Frameworks */,
				801B12AE199A1675007D8CD7 /* XCTest.framework in Frameworks */,
				801B12B1199A1675007D8CD7 /* UIKit.framework in Frameworks */,
				801B12AF199A1675007D8CD7 /* Foundation.framework in Frameworks */,
			);
			runOnlyForDeploymentPostprocessing = 0;
		};
		8056B4FE199C65CB00A20918 /* Frameworks */ = {
			isa = PBXFrameworksBuildPhase;
			buildActionMask = 2147483647;
			files = (
				8056B513199C65F100A20918 /* libQSADWall.a in Frameworks */,
				8056B502199C65CB00A20918 /* CoreFoundation.framework in Frameworks */,
			);
			runOnlyForDeploymentPostprocessing = 0;
		};
/* End PBXFrameworksBuildPhase section */

/* Begin PBXGroup section */
		800F5044199B17D000B0A39A /* RecommendWall */ = {
			isa = PBXGroup;
			children = (
				800F5045199B17D000B0A39A /* QSReWall.h */,
				800F5046199B17D000B0A39A /* QSReWall.m */,
				800F5047199B17D000B0A39A /* QSReWallViewController.h */,
				800F5048199B17D000B0A39A /* QSReWallViewController.m */,
			);
			path = RecommendWall;
			sourceTree = "<group>";
		};
		801B1293199A1675007D8CD7 = {
			isa = PBXGroup;
			children = (
				801B12A1199A1675007D8CD7 /* QSADWall */,
				801B12B5199A1675007D8CD7 /* QSADWallTests */,
				801B1488199A7321007D8CD7 /* Resource */,
				8056B4BE199C5ECF00A20918 /* QSADWallResource */,
				8056B4D5199C630B00A20918 /* QSADWallResource */,
				8056B4EC199C654900A20918 /* QSWallResource */,
				8056B503199C65CB00A20918 /* QSWallResource */,
				801B129E199A1675007D8CD7 /* Frameworks */,
				801B129D199A1675007D8CD7 /* Products */,
			);
			sourceTree = "<group>";
		};
		801B129D199A1675007D8CD7 /* Products */ = {
			isa = PBXGroup;
			children = (
				801B129C199A1675007D8CD7 /* libQSADWall.a */,
				801B12AC199A1675007D8CD7 /* QSADWallTests.xctest */,
				8056B501199C65CB00A20918 /* QSWallResource.bundle */,
			);
			name = Products;
			sourceTree = "<group>";
		};
		801B129E199A1675007D8CD7 /* Frameworks */ = {
			isa = PBXGroup;
			children = (
				8056B4B6199C5C6300A20918 /* CFNetwork.framework */,
				8056B4B3199C5C0700A20918 /* CoreGraphics.framework */,
				8056B4B1199C5BF900A20918 /* AdSupport.framework */,
				8056B4AF199C5BF100A20918 /* SystemConfiguration.framework */,
				8056B4AD199C5BE500A20918 /* ImageIO.framework */,
				801B129F199A1675007D8CD7 /* Foundation.framework */,
				801B12AD199A1675007D8CD7 /* XCTest.framework */,
				801B12B0199A1675007D8CD7 /* UIKit.framework */,
				801B1486199A7321007D8CD7 /* CoreFoundation.framework */,
			);
			name = Frameworks;
			sourceTree = "<group>";
		};
		801B12A1199A1675007D8CD7 /* QSADWall */ = {
			isa = PBXGroup;
			children = (
				801B12C5199A168F007D8CD7 /* QSADWallSDK */,
				801B12A2199A1675007D8CD7 /* Supporting Files */,
			);
			path = QSADWall;
			sourceTree = "<group>";
		};
		801B12A2199A1675007D8CD7 /* Supporting Files */ = {
			isa = PBXGroup;
			children = (
				801B12A3199A1675007D8CD7 /* QSADWall-Prefix.pch */,
			);
			name = "Supporting Files";
			sourceTree = "<group>";
		};
		801B12B5199A1675007D8CD7 /* QSADWallTests */ = {
			isa = PBXGroup;
			children = (
				801B12BB199A1675007D8CD7 /* QSADWallTests.m */,
				801B12B6199A1675007D8CD7 /* Supporting Files */,
			);
			path = QSADWallTests;
			sourceTree = "<group>";
		};
		801B12B6199A1675007D8CD7 /* Supporting Files */ = {
			isa = PBXGroup;
			children = (
				801B12B7199A1675007D8CD7 /* QSADWallTests-Info.plist */,
				801B12B8199A1675007D8CD7 /* InfoPlist.strings */,
			);
			name = "Supporting Files";
			sourceTree = "<group>";
		};
		801B12C5199A168F007D8CD7 /* QSADWallSDK */ = {
			isa = PBXGroup;
			children = (
				8056B518199C7C7C00A20918 /* QSWallManager */,
				800F5044199B17D000B0A39A /* RecommendWall */,
				801B12C6199A168F007D8CD7 /* ADWall */,
				801B12CB199A168F007D8CD7 /* Banner */,
				801B12D1199A168F007D8CD7 /* InsertScreen */,
				801B12CE199A168F007D8CD7 /* GlobalFunction */,
				801B12D4199A168F007D8CD7 /* Libs */,
				801B132C199A168F007D8CD7 /* Model */,
				801B132D199A168F007D8CD7 /* Resource */,
				801B132F199A168F007D8CD7 /* Views */,
			);
			path = QSADWallSDK;
			sourceTree = "<group>";
		};
		801B12C6199A168F007D8CD7 /* ADWall */ = {
			isa = PBXGroup;
			children = (
				801B12C7199A168F007D8CD7 /* QSADWall.h */,
				801B12C8199A168F007D8CD7 /* QSADWall.m */,
				801B12C9199A168F007D8CD7 /* QSADWallViewController.h */,
				801B12CA199A168F007D8CD7 /* QSADWallViewController.m */,
			);
			path = ADWall;
			sourceTree = "<group>";
		};
		801B12CB199A168F007D8CD7 /* Banner */ = {
			isa = PBXGroup;
			children = (
				801B12CC199A168F007D8CD7 /* QSBanner.h */,
				801B12CD199A168F007D8CD7 /* QSBanner.m */,
			);
			path = Banner;
			sourceTree = "<group>";
		};
		801B12CE199A168F007D8CD7 /* GlobalFunction */ = {
			isa = PBXGroup;
			children = (
				801B12CF199A168F007D8CD7 /* QSGlobalFunction.h */,
				801B12D0199A168F007D8CD7 /* QSGlobalFunction.m */,
			);
			path = GlobalFunction;
			sourceTree = "<group>";
		};
		801B12D1199A168F007D8CD7 /* InsertScreen */ = {
			isa = PBXGroup;
			children = (
				801B12D2199A168F007D8CD7 /* QSInsertScreen.h */,
				801B12D3199A168F007D8CD7 /* QSInsertScreen.m */,
			);
			path = InsertScreen;
			sourceTree = "<group>";
		};
		801B12D4199A168F007D8CD7 /* Libs */ = {
			isa = PBXGroup;
			children = (
				801B12D5199A168F007D8CD7 /* Keychain */,
				801B12DA199A168F007D8CD7 /* MJRefresh */,
				801B12EB199A168F007D8CD7 /* MKNetworkKit */,
				801B130C199A168F007D8CD7 /* SDWebImage */,
			);
			path = Libs;
			sourceTree = "<group>";
		};
		801B12D5199A168F007D8CD7 /* Keychain */ = {
			isa = PBXGroup;
			children = (
				801B12D6199A168F007D8CD7 /* QSKeychainItemWrapper.h */,
				801B12D7199A168F007D8CD7 /* QSKeychainItemWrapper.m */,
				801B12D8199A168F007D8CD7 /* QSKeychainManager.h */,
				801B12D9199A168F007D8CD7 /* QSKeychainManager.m */,
			);
			path = Keychain;
			sourceTree = "<group>";
		};
		801B12DA199A168F007D8CD7 /* MJRefresh */ = {
			isa = PBXGroup;
			children = (
				801B12DC199A168F007D8CD7 /* QSMJRefresh.h */,
				801B12DD199A168F007D8CD7 /* QSMJRefreshBaseView.h */,
				801B12DE199A168F007D8CD7 /* QSMJRefreshBaseView.m */,
				801B12DF199A168F007D8CD7 /* QSMJRefreshConst.h */,
				801B12E0199A168F007D8CD7 /* QSMJRefreshConst.m */,
				801B12E1199A168F007D8CD7 /* QSMJRefreshFooterView.h */,
				801B12E2199A168F007D8CD7 /* QSMJRefreshFooterView.m */,
				801B12E3199A168F007D8CD7 /* QSMJRefreshHeaderView.h */,
				801B12E4199A168F007D8CD7 /* QSMJRefreshHeaderView.m */,
				801B12E5199A168F007D8CD7 /* UIScrollView+QSExtension.h */,
				801B12E6199A168F007D8CD7 /* UIScrollView+QSExtension.m */,
				801B12E7199A168F007D8CD7 /* UIScrollView+QSMJRefresh.h */,
				801B12E8199A168F007D8CD7 /* UIScrollView+QSMJRefresh.m */,
				801B12E9199A168F007D8CD7 /* UIView+QSExtension.h */,
				801B12EA199A168F007D8CD7 /* UIView+QSExtension.m */,
			);
			path = MJRefresh;
			sourceTree = "<group>";
		};
		801B12EB199A168F007D8CD7 /* MKNetworkKit */ = {
			isa = PBXGroup;
			children = (
				8096810A199CB133007EE377 /* Categories */,
				801B12FB199A168F007D8CD7 /* ExtendNetWork */,
				801B1304199A168F007D8CD7 /* QSMKNetworkEngine.h */,
				801B1305199A168F007D8CD7 /* QSMKNetworkEngine.m */,
				801B1306199A168F007D8CD7 /* QSMKNetworkKit.h */,
				801B1307199A168F007D8CD7 /* QSMKNetworkOperation.h */,
				801B1308199A168F007D8CD7 /* QSMKNetworkOperation.m */,
				801B1309199A168F007D8CD7 /* Reachability */,
			);
			path = MKNetworkKit;
			sourceTree = "<group>";
		};
		801B12FB199A168F007D8CD7 /* ExtendNetWork */ = {
			isa = PBXGroup;
			children = (
				800F504C199B181900B0A39A /* ReWall.h */,
				800F504D199B181900B0A39A /* ReWall.m */,
				801B12FC199A168F007D8CD7 /* ADWall.h */,
				801B12FD199A168F007D8CD7 /* ADWall.m */,
				801B12FE199A168F007D8CD7 /* Banner.h */,
				801B12FF199A168F007D8CD7 /* Banner.m */,
				801B1300199A168F007D8CD7 /* InsertScreen.h */,
				801B1301199A168F007D8CD7 /* InsertScreen.m */,
				801B1302199A168F007D8CD7 /* RedireUrl.h */,
				801B1303199A168F007D8CD7 /* RedireUrl.m */,
			);
			path = ExtendNetWork;
			sourceTree = "<group>";
		};
		801B1309199A168F007D8CD7 /* Reachability */ = {
			isa = PBXGroup;
			children = (
				801B130A199A168F007D8CD7 /* QSReachability.h */,
				801B130B199A168F007D8CD7 /* QSReachability.m */,
			);
			path = Reachability;
			sourceTree = "<group>";
		};
		801B130C199A168F007D8CD7 /* SDWebImage */ = {
			isa = PBXGroup;
			children = (
				801B130D199A168F007D8CD7 /* MKAnnotationView+QSWebCache.h */,
				801B130E199A168F007D8CD7 /* MKAnnotationView+QSWebCache.m */,
				801B130F199A168F007D8CD7 /* NSData+QSImageContentType.h */,
				801B1310199A168F007D8CD7 /* NSData+QSImageContentType.m */,
				801B1311199A168F007D8CD7 /* QSSDImageCache.h */,
				801B1312199A168F007D8CD7 /* QSSDImageCache.m */,
				801B1313199A168F007D8CD7 /* QSSDWebImageCompat.h */,
				801B1314199A168F007D8CD7 /* QSSDWebImageCompat.m */,
				801B1315199A168F007D8CD7 /* QSSDWebImageDecoder.h */,
				801B1316199A168F007D8CD7 /* QSSDWebImageDecoder.m */,
				801B1317199A168F007D8CD7 /* QSSDWebImageDownloader.h */,
				801B1318199A168F007D8CD7 /* QSSDWebImageDownloader.m */,
				801B1319199A168F007D8CD7 /* QSSDWebImageDownloaderOperation.h */,
				801B131A199A168F007D8CD7 /* QSSDWebImageDownloaderOperation.m */,
				801B131B199A168F007D8CD7 /* QSSDWebImageManager.h */,
				801B131C199A168F007D8CD7 /* QSSDWebImageManager.m */,
				801B131D199A168F007D8CD7 /* QSSDWebImageOperation.h */,
				801B131E199A168F007D8CD7 /* QSSDWebImagePrefetcher.h */,
				801B131F199A168F007D8CD7 /* QSSDWebImagePrefetcher.m */,
				801B1320199A168F007D8CD7 /* UIButton+QSWebCache.h */,
				801B1321199A168F007D8CD7 /* UIButton+QSWebCache.m */,
				801B1322199A168F007D8CD7 /* UIImage+QSGIF.h */,
				801B1323199A168F007D8CD7 /* UIImage+QSGIF.m */,
				801B1324199A168F007D8CD7 /* UIImage+QSMultiFormat.h */,
				801B1325199A168F007D8CD7 /* UIImage+QSMultiFormat.m */,
				801B1326199A168F007D8CD7 /* UIImage+QSWebP.h */,
				801B1327199A168F007D8CD7 /* UIImage+QSWebP.m */,
				801B1328199A168F007D8CD7 /* UIImageView+QSHighlightedWebCache.h */,
				801B1329199A168F007D8CD7 /* UIImageView+QSHighlightedWebCache.m */,
				801B132A199A168F007D8CD7 /* UIImageView+QSWebCache.h */,
				801B132B199A168F007D8CD7 /* UIImageView+QSWebCache.m */,
			);
			path = SDWebImage;
			sourceTree = "<group>";
		};
		801B132C199A168F007D8CD7 /* Model */ = {
			isa = PBXGroup;
			children = (
				800F504F199B182E00B0A39A /* QSReWallModel.h */,
				800F5050199B182E00B0A39A /* QSReWallModel.m */,
				801B149A199A7582007D8CD7 /* QSADWallModel.h */,
				801B149B199A7582007D8CD7 /* QSADWallModel.m */,
			);
			path = Model;
			sourceTree = "<group>";
		};
		801B132D199A168F007D8CD7 /* Resource */ = {
			isa = PBXGroup;
			children = (
				800F5058199B2A5200B0A39A /* arrow@2x.png */,
				801B1479199A72FB007D8CD7 /* ADWallClose@2x.png */,
				801B147A199A72FB007D8CD7 /* boult.png */,
				801B147B199A72FB007D8CD7 /* guanbi.png */,
				801B147C199A72FB007D8CD7 /* QSADWallCell.xib */,
				800F503F199B17B900B0A39A /* QSReWallCell.xib */,
			);
			path = Resource;
			sourceTree = "<group>";
		};
		801B132F199A168F007D8CD7 /* Views */ = {
			isa = PBXGroup;
			children = (
				800F5041199B17C300B0A39A /* QSReWallCell.h */,
				800F5042199B17C300B0A39A /* QSReWallCell.m */,
				801B1333199A168F007D8CD7 /* QSADWallCell.h */,
				801B1334199A168F007D8CD7 /* QSADWallCell.m */,
			);
			path = Views;
			sourceTree = "<group>";
		};
		801B1488199A7321007D8CD7 /* Resource */ = {
			isa = PBXGroup;
			children = (
				801B1489199A7321007D8CD7 /* Supporting Files */,
			);
			path = Resource;
			sourceTree = "<group>";
		};
		801B1489199A7321007D8CD7 /* Supporting Files */ = {
			isa = PBXGroup;
			children = (
				801B148A199A7321007D8CD7 /* Resource-Info.plist */,
				801B148B199A7321007D8CD7 /* InfoPlist.strings */,
				801B148E199A7321007D8CD7 /* Resource-Prefix.pch */,
			);
			name = "Supporting Files";
			sourceTree = "<group>";
		};
		8056B4BE199C5ECF00A20918 /* QSADWallResource */ = {
			isa = PBXGroup;
			children = (
				8056B4BF199C5ECF00A20918 /* Supporting Files */,
			);
			path = QSADWallResource;
			sourceTree = "<group>";
		};
		8056B4BF199C5ECF00A20918 /* Supporting Files */ = {
			isa = PBXGroup;
			children = (
				8056B4C0199C5ECF00A20918 /* QSADWallResource-Info.plist */,
				8056B4C1199C5ECF00A20918 /* InfoPlist.strings */,
				8056B4C4199C5ECF00A20918 /* QSADWallResource-Prefix.pch */,
			);
			name = "Supporting Files";
			sourceTree = "<group>";
		};
		8056B4D5199C630B00A20918 /* QSADWallResource */ = {
			isa = PBXGroup;
			children = (
				8056B4D6199C630B00A20918 /* Supporting Files */,
			);
			path = QSADWallResource;
			sourceTree = "<group>";
		};
		8056B4D6199C630B00A20918 /* Supporting Files */ = {
			isa = PBXGroup;
			children = (
				8056B4D7199C630B00A20918 /* QSADWallResource-Info.plist */,
				8056B4D8199C630B00A20918 /* InfoPlist.strings */,
				8056B4DB199C630B00A20918 /* QSADWallResource-Prefix.pch */,
			);
			name = "Supporting Files";
			sourceTree = "<group>";
		};
		8056B4EC199C654900A20918 /* QSWallResource */ = {
			isa = PBXGroup;
			children = (
				8056B4ED199C654900A20918 /* Supporting Files */,
			);
			path = QSWallResource;
			sourceTree = "<group>";
		};
		8056B4ED199C654900A20918 /* Supporting Files */ = {
			isa = PBXGroup;
			children = (
				8056B4EE199C654900A20918 /* QSWallResource-Info.plist */,
				8056B4EF199C654900A20918 /* InfoPlist.strings */,
				8056B4F2199C654900A20918 /* QSWallResource-Prefix.pch */,
			);
			name = "Supporting Files";
			sourceTree = "<group>";
		};
		8056B503199C65CB00A20918 /* QSWallResource */ = {
			isa = PBXGroup;
			children = (
				8056B504199C65CB00A20918 /* Supporting Files */,
			);
			path = QSWallResource;
			sourceTree = "<group>";
		};
		8056B504199C65CB00A20918 /* Supporting Files */ = {
			isa = PBXGroup;
			children = (
				8056B505199C65CB00A20918 /* QSWallResource-Info.plist */,
				8056B506199C65CB00A20918 /* InfoPlist.strings */,
				8056B509199C65CB00A20918 /* QSWallResource-Prefix.pch */,
			);
			name = "Supporting Files";
			sourceTree = "<group>";
		};
		8056B518199C7C7C00A20918 /* QSWallManager */ = {
			isa = PBXGroup;
			children = (
				8056B519199C825100A20918 /* QSWall.h */,
				80D3A97D19A730C800454F64 /* QSWall.m */,
			);
			path = QSWallManager;
			sourceTree = "<group>";
		};
		8096810A199CB133007EE377 /* Categories */ = {
			isa = PBXGroup;
			children = (
				8096810B199CB192007EE377 /* NSAlert+QSMKNetworkKitAdditions.h */,
				8096810C199CB192007EE377 /* NSAlert+QSMKNetworkKitAdditions.m */,
				8096810D199CB192007EE377 /* NSData+QSMKBase64.h */,
				8096810E199CB192007EE377 /* NSData+QSMKBase64.m */,
				8096810F199CB192007EE377 /* NSDate+QSRFC1123.h */,
				80968110199CB192007EE377 /* NSDate+QSRFC1123.m */,
				80968111199CB192007EE377 /* NSDictionary+QSRequestEncoding.h */,
				80968112199CB192007EE377 /* NSDictionary+QSRequestEncoding.m */,
				80968113199CB192007EE377 /* NSString+QSMKNetworkKitAdditions.h */,
				80968114199CB192007EE377 /* NSString+QSMKNetworkKitAdditions.m */,
				80968115199CB192007EE377 /* UIAlertView+QSMKNetworkKitAdditions.h */,
				80968116199CB192007EE377 /* UIAlertView+QSMKNetworkKitAdditions.m */,
				80968117199CB192007EE377 /* UIImageView+QSMKNetworkKitAdditions.h */,
				80968118199CB192007EE377 /* UIImageView+QSMKNetworkKitAdditions.m */,
			);
			path = Categories;
			sourceTree = "<group>";
		};
/* End PBXGroup section */

/* Begin PBXNativeTarget section */
		801B129B199A1675007D8CD7 /* QSADWall */ = {
			isa = PBXNativeTarget;
			buildConfigurationList = 801B12BF199A1675007D8CD7 /* Build configuration list for PBXNativeTarget "QSADWall" */;
			buildPhases = (
				801B1298199A1675007D8CD7 /* Sources */,
				801B1299199A1675007D8CD7 /* Frameworks */,
				801B129A199A1675007D8CD7 /* Copy Files (6 items) */,
				801B13B5199A29C9007D8CD7 /* Resources */,
			);
			buildRules = (
			);
			dependencies = (
			);
			name = QSADWall;
			productName = QSADWall;
			productReference = 801B129C199A1675007D8CD7 /* libQSADWall.a */;
			productType = "com.apple.product-type.library.static";
		};
		801B12AB199A1675007D8CD7 /* QSADWallTests */ = {
			isa = PBXNativeTarget;
			buildConfigurationList = 801B12C2199A1675007D8CD7 /* Build configuration list for PBXNativeTarget "QSADWallTests" */;
			buildPhases = (
				801B12A8199A1675007D8CD7 /* Sources */,
				801B12A9199A1675007D8CD7 /* Frameworks */,
				801B12AA199A1675007D8CD7 /* Resources */,
			);
			buildRules = (
			);
			dependencies = (
				801B12B3199A1675007D8CD7 /* PBXTargetDependency */,
			);
			name = QSADWallTests;
			productName = QSADWallTests;
			productReference = 801B12AC199A1675007D8CD7 /* QSADWallTests.xctest */;
			productType = "com.apple.product-type.bundle.unit-test";
		};
		8056B500199C65CB00A20918 /* QSWallResource */ = {
			isa = PBXNativeTarget;
			buildConfigurationList = 8056B50A199C65CB00A20918 /* Build configuration list for PBXNativeTarget "QSWallResource" */;
			buildPhases = (
				8056B4FD199C65CB00A20918 /* Sources */,
				8056B4FE199C65CB00A20918 /* Frameworks */,
				8056B4FF199C65CB00A20918 /* Resources */,
			);
			buildRules = (
			);
			dependencies = (
			);
			name = QSWallResource;
			productName = QSWallResource;
			productReference = 8056B501199C65CB00A20918 /* QSWallResource.bundle */;
			productType = "com.apple.product-type.bundle";
		};
/* End PBXNativeTarget section */

/* Begin PBXProject section */
		801B1294199A1675007D8CD7 /* Project object */ = {
			isa = PBXProject;
			attributes = {
				LastUpgradeCheck = 0510;
				ORGANIZATIONNAME = qianshenginfo;
			};
			buildConfigurationList = 801B1297199A1675007D8CD7 /* Build configuration list for PBXProject "QSADWall" */;
			compatibilityVersion = "Xcode 3.2";
			developmentRegion = English;
			hasScannedForEncodings = 0;
			knownRegions = (
				en,
			);
			mainGroup = 801B1293199A1675007D8CD7;
			productRefGroup = 801B129D199A1675007D8CD7 /* Products */;
			projectDirPath = "";
			projectRoot = "";
			targets = (
				801B129B199A1675007D8CD7 /* QSADWall */,
				801B12AB199A1675007D8CD7 /* QSADWallTests */,
				8056B500199C65CB00A20918 /* QSWallResource */,
			);
		};
/* End PBXProject section */

/* Begin PBXResourcesBuildPhase section */
		801B12AA199A1675007D8CD7 /* Resources */ = {
			isa = PBXResourcesBuildPhase;
			buildActionMask = 2147483647;
			files = (
				801B12BA199A1675007D8CD7 /* InfoPlist.strings in Resources */,
			);
			runOnlyForDeploymentPostprocessing = 0;
		};
		801B13B5199A29C9007D8CD7 /* Resources */ = {
			isa = PBXResourcesBuildPhase;
			buildActionMask = 2147483647;
			files = (
				801B147E199A72FB007D8CD7 /* boult.png in Resources */,
				801B147F199A72FB007D8CD7 /* guanbi.png in Resources */,
				800F5059199B2A5200B0A39A /* arrow@2x.png in Resources */,
				801B1480199A72FB007D8CD7 /* QSADWallCell.xib in Resources */,
				801B147D199A72FB007D8CD7 /* ADWallClose@2x.png in Resources */,
				800F5040199B17B900B0A39A /* QSReWallCell.xib in Resources */,
			);
			runOnlyForDeploymentPostprocessing = 0;
		};
		8056B4FF199C65CB00A20918 /* Resources */ = {
			isa = PBXResourcesBuildPhase;
			buildActionMask = 2147483647;
			files = (
				8056B50D199C65EC00A20918 /* arrow@2x.png in Resources */,
				8056B50E199C65EC00A20918 /* ADWallClose@2x.png in Resources */,
				8056B50F199C65EC00A20918 /* boult.png in Resources */,
				8056B510199C65EC00A20918 /* guanbi.png in Resources */,
				8056B511199C65EC00A20918 /* QSADWallCell.xib in Resources */,
				8056B512199C65EC00A20918 /* QSReWallCell.xib in Resources */,
			);
			runOnlyForDeploymentPostprocessing = 0;
		};
/* End PBXResourcesBuildPhase section */

/* Begin PBXSourcesBuildPhase section */
		801B1298199A1675007D8CD7 /* Sources */ = {
			isa = PBXSourcesBuildPhase;
			buildActionMask = 2147483647;
			files = (
				80968119199CB192007EE377 /* NSAlert+QSMKNetworkKitAdditions.m in Sources */,
				800F5049199B17D000B0A39A /* QSReWall.m in Sources */,
				800F504E199B181900B0A39A /* ReWall.m in Sources */,
				801B1343199A168F007D8CD7 /* UIView+QSExtension.m in Sources */,
				801B134C199A168F007D8CD7 /* Banner.m in Sources */,
				801B1359199A168F007D8CD7 /* QSSDWebImageManager.m in Sources */,
				801B135A199A168F007D8CD7 /* QSSDWebImagePrefetcher.m in Sources */,
				801B133F199A168F007D8CD7 /* QSMJRefreshFooterView.m in Sources */,
				80D3A97E19A730C800454F64 /* QSWall.m in Sources */,
				801B1336199A168F007D8CD7 /* QSADWall.m in Sources */,
				801B1341199A168F007D8CD7 /* UIScrollView+QSExtension.m in Sources */,
				8096811A199CB192007EE377 /* NSData+QSMKBase64.m in Sources */,
				801B1337199A168F007D8CD7 /* QSADWallViewController.m in Sources */,
				801B1358199A168F007D8CD7 /* QSSDWebImageDownloaderOperation.m in Sources */,
				801B134B199A168F007D8CD7 /* ADWall.m in Sources */,
				801B1342199A168F007D8CD7 /* UIScrollView+QSMJRefresh.m in Sources */,
				801B133A199A168F007D8CD7 /* QSInsertScreen.m in Sources */,
				801B1350199A168F007D8CD7 /* QSMKNetworkOperation.m in Sources */,
				800F5043199B17C300B0A39A /* QSReWallCell.m in Sources */,
				800F5051199B182E00B0A39A /* QSReWallModel.m in Sources */,
				8096811B199CB192007EE377 /* NSDate+QSRFC1123.m in Sources */,
				801B149C199A7582007D8CD7 /* QSADWallModel.m in Sources */,
				801B133C199A168F007D8CD7 /* QSKeychainManager.m in Sources */,
				8096811D199CB192007EE377 /* NSString+QSMKNetworkKitAdditions.m in Sources */,
				801B133E199A168F007D8CD7 /* QSMJRefreshConst.m in Sources */,
				801B135C199A168F007D8CD7 /* UIImage+QSGIF.m in Sources */,
				801B1340199A168F007D8CD7 /* QSMJRefreshHeaderView.m in Sources */,
				801B1360199A168F007D8CD7 /* UIImageView+QSWebCache.m in Sources */,
				801B1338199A168F007D8CD7 /* QSBanner.m in Sources */,
				801B135B199A168F007D8CD7 /* UIButton+QSWebCache.m in Sources */,
				801B1362199A168F007D8CD7 /* QSADWallCell.m in Sources */,
				801B1357199A168F007D8CD7 /* QSSDWebImageDownloader.m in Sources */,
				8096811F199CB192007EE377 /* UIImageView+QSMKNetworkKitAdditions.m in Sources */,
				801B135E199A168F007D8CD7 /* UIImage+QSWebP.m in Sources */,
				8096811E199CB192007EE377 /* UIAlertView+QSMKNetworkKitAdditions.m in Sources */,
				801B135D199A168F007D8CD7 /* UIImage+QSMultiFormat.m in Sources */,
				801B134E199A168F007D8CD7 /* RedireUrl.m in Sources */,
				801B133D199A168F007D8CD7 /* QSMJRefreshBaseView.m in Sources */,
				801B1339199A168F007D8CD7 /* QSGlobalFunction.m in Sources */,
				801B1355199A168F007D8CD7 /* QSSDWebImageCompat.m in Sources */,
				801B1356199A168F007D8CD7 /* QSSDWebImageDecoder.m in Sources */,
				801B1354199A168F007D8CD7 /* QSSDImageCache.m in Sources */,
				801B1352199A168F007D8CD7 /* MKAnnotationView+QSWebCache.m in Sources */,
				801B1351199A168F007D8CD7 /* QSReachability.m in Sources */,
				801B133B199A168F007D8CD7 /* QSKeychainItemWrapper.m in Sources */,
				801B1353199A168F007D8CD7 /* NSData+QSImageContentType.m in Sources */,
				8096811C199CB192007EE377 /* NSDictionary+QSRequestEncoding.m in Sources */,
				801B135F199A168F007D8CD7 /* UIImageView+QSHighlightedWebCache.m in Sources */,
				800F504A199B17D000B0A39A /* QSReWallViewController.m in Sources */,
				801B134F199A168F007D8CD7 /* QSMKNetworkEngine.m in Sources */,
				801B134D199A168F007D8CD7 /* InsertScreen.m in Sources */,
			);
			runOnlyForDeploymentPostprocessing = 0;
		};
		801B12A8199A1675007D8CD7 /* Sources */ = {
			isa = PBXSourcesBuildPhase;
			buildActionMask = 2147483647;
			files = (
				801B12BC199A1675007D8CD7 /* QSADWallTests.m in Sources */,
			);
			runOnlyForDeploymentPostprocessing = 0;
		};
		8056B4FD199C65CB00A20918 /* Sources */ = {
			isa = PBXSourcesBuildPhase;
			buildActionMask = 2147483647;
			files = (
			);
			runOnlyForDeploymentPostprocessing = 0;
		};
/* End PBXSourcesBuildPhase section */

/* Begin PBXTargetDependency section */
		801B12B3199A1675007D8CD7 /* PBXTargetDependency */ = {
			isa = PBXTargetDependency;
			target = 801B129B199A1675007D8CD7 /* QSADWall */;
			targetProxy = 801B12B2199A1675007D8CD7 /* PBXContainerItemProxy */;
		};
/* End PBXTargetDependency section */

/* Begin PBXVariantGroup section */
		801B12B8199A1675007D8CD7 /* InfoPlist.strings */ = {
			isa = PBXVariantGroup;
			children = (
				801B12B9199A1675007D8CD7 /* en */,
			);
			name = InfoPlist.strings;
			sourceTree = "<group>";
		};
		801B148B199A7321007D8CD7 /* InfoPlist.strings */ = {
			isa = PBXVariantGroup;
			children = (
				801B148C199A7321007D8CD7 /* en */,
			);
			name = InfoPlist.strings;
			sourceTree = "<group>";
		};
		8056B4C1199C5ECF00A20918 /* InfoPlist.strings */ = {
			isa = PBXVariantGroup;
			children = (
				8056B4C2199C5ECF00A20918 /* en */,
			);
			name = InfoPlist.strings;
			sourceTree = "<group>";
		};
		8056B4D8199C630B00A20918 /* InfoPlist.strings */ = {
			isa = PBXVariantGroup;
			children = (
				8056B4D9199C630B00A20918 /* en */,
			);
			name = InfoPlist.strings;
			sourceTree = "<group>";
		};
		8056B4EF199C654900A20918 /* InfoPlist.strings */ = {
			isa = PBXVariantGroup;
			children = (
				8056B4F0199C654900A20918 /* en */,
			);
			name = InfoPlist.strings;
			sourceTree = "<group>";
		};
		8056B506199C65CB00A20918 /* InfoPlist.strings */ = {
			isa = PBXVariantGroup;
			children = (
				8056B507199C65CB00A20918 /* en */,
			);
			name = InfoPlist.strings;
			sourceTree = "<group>";
		};
/* End PBXVariantGroup section */

/* Begin XCBuildConfiguration section */
		801B12BD199A1675007D8CD7 /* Debug */ = {
			isa = XCBuildConfiguration;
			buildSettings = {
				ALWAYS_SEARCH_USER_PATHS = NO;
				CLANG_CXX_LANGUAGE_STANDARD = "gnu++0x";
				CLANG_CXX_LIBRARY = "libc++";
				CLANG_ENABLE_MODULES = YES;
				CLANG_ENABLE_OBJC_ARC = YES;
				CLANG_WARN_BOOL_CONVERSION = YES;
				CLANG_WARN_CONSTANT_CONVERSION = YES;
				CLANG_WARN_DIRECT_OBJC_ISA_USAGE = YES_ERROR;
				CLANG_WARN_EMPTY_BODY = YES;
				CLANG_WARN_ENUM_CONVERSION = YES;
				CLANG_WARN_INT_CONVERSION = YES;
				CLANG_WARN_OBJC_ROOT_CLASS = YES_ERROR;
				CLANG_WARN__DUPLICATE_METHOD_MATCH = YES;
				COPY_PHASE_STRIP = NO;
				GCC_C_LANGUAGE_STANDARD = gnu99;
				GCC_DYNAMIC_NO_PIC = NO;
				GCC_OPTIMIZATION_LEVEL = 0;
				GCC_PREPROCESSOR_DEFINITIONS = (
					"DEBUG=1",
					"$(inherited)",
				);
				GCC_SYMBOLS_PRIVATE_EXTERN = NO;
				GCC_WARN_64_TO_32_BIT_CONVERSION = YES;
				GCC_WARN_ABOUT_RETURN_TYPE = YES_ERROR;
				GCC_WARN_UNDECLARED_SELECTOR = YES;
				GCC_WARN_UNINITIALIZED_AUTOS = YES_AGGRESSIVE;
				GCC_WARN_UNUSED_FUNCTION = YES;
				GCC_WARN_UNUSED_VARIABLE = YES;
				IPHONEOS_DEPLOYMENT_TARGET = 7.1;
				ONLY_ACTIVE_ARCH = YES;
				SDKROOT = iphoneos;
				VALID_ARCHS = "armv7 armv7s arm64";
			};
			name = Debug;
		};
		801B12BE199A1675007D8CD7 /* Release */ = {
			isa = XCBuildConfiguration;
			buildSettings = {
				ALWAYS_SEARCH_USER_PATHS = NO;
				CLANG_CXX_LANGUAGE_STANDARD = "gnu++0x";
				CLANG_CXX_LIBRARY = "libc++";
				CLANG_ENABLE_MODULES = YES;
				CLANG_ENABLE_OBJC_ARC = YES;
				CLANG_WARN_BOOL_CONVERSION = YES;
				CLANG_WARN_CONSTANT_CONVERSION = YES;
				CLANG_WARN_DIRECT_OBJC_ISA_USAGE = YES_ERROR;
				CLANG_WARN_EMPTY_BODY = YES;
				CLANG_WARN_ENUM_CONVERSION = YES;
				CLANG_WARN_INT_CONVERSION = YES;
				CLANG_WARN_OBJC_ROOT_CLASS = YES_ERROR;
				CLANG_WARN__DUPLICATE_METHOD_MATCH = YES;
				COPY_PHASE_STRIP = YES;
				ENABLE_NS_ASSERTIONS = NO;
				GCC_C_LANGUAGE_STANDARD = gnu99;
				GCC_WARN_64_TO_32_BIT_CONVERSION = YES;
				GCC_WARN_ABOUT_RETURN_TYPE = YES_ERROR;
				GCC_WARN_UNDECLARED_SELECTOR = YES;
				GCC_WARN_UNINITIALIZED_AUTOS = YES_AGGRESSIVE;
				GCC_WARN_UNUSED_FUNCTION = YES;
				GCC_WARN_UNUSED_VARIABLE = YES;
				IPHONEOS_DEPLOYMENT_TARGET = 7.1;
				ONLY_ACTIVE_ARCH = NO;
				SDKROOT = iphoneos;
				VALIDATE_PRODUCT = YES;
				VALID_ARCHS = "armv7 armv7s arm64";
			};
			name = Release;
		};
		801B12C0199A1675007D8CD7 /* Debug */ = {
			isa = XCBuildConfiguration;
			buildSettings = {
				ARCHS = "$(ARCHS_STANDARD)";
				DSTROOT = /tmp/QSADWall.dst;
				GCC_PRECOMPILE_PREFIX_HEADER = YES;
				GCC_PREFIX_HEADER = "QSADWall/QSADWall-Prefix.pch";
				IPHONEOS_DEPLOYMENT_TARGET = 6.1;
				ONLY_ACTIVE_ARCH = YES;
				OTHER_LDFLAGS = "-all_load";
				PRODUCT_NAME = "$(TARGET_NAME)";
				SKIP_INSTALL = YES;
				VALID_ARCHS = "armv7 armv7s arm64";
			};
			name = Debug;
		};
		801B12C1199A1675007D8CD7 /* Release */ = {
			isa = XCBuildConfiguration;
			buildSettings = {
				ARCHS = "$(ARCHS_STANDARD)";
				DSTROOT = /tmp/QSADWall.dst;
				GCC_PRECOMPILE_PREFIX_HEADER = YES;
				GCC_PREFIX_HEADER = "QSADWall/QSADWall-Prefix.pch";
				IPHONEOS_DEPLOYMENT_TARGET = 6.1;
				ONLY_ACTIVE_ARCH = NO;
				OTHER_LDFLAGS = "-all_load";
				PRODUCT_NAME = "$(TARGET_NAME)";
				SKIP_INSTALL = YES;
				VALID_ARCHS = "armv7 armv7s arm64";
			};
			name = Release;
		};
		801B12C3199A1675007D8CD7 /* Debug */ = {
			isa = XCBuildConfiguration;
			buildSettings = {
				FRAMEWORK_SEARCH_PATHS = (
					"$(SDKROOT)/Developer/Library/Frameworks",
					"$(inherited)",
					"$(DEVELOPER_FRAMEWORKS_DIR)",
				);
				GCC_PRECOMPILE_PREFIX_HEADER = YES;
				GCC_PREFIX_HEADER = "QSADWall/QSADWall-Prefix.pch";
				GCC_PREPROCESSOR_DEFINITIONS = (
					"DEBUG=1",
					"$(inherited)",
				);
				INFOPLIST_FILE = "QSADWallTests/QSADWallTests-Info.plist";
				PRODUCT_NAME = "$(TARGET_NAME)";
				WRAPPER_EXTENSION = xctest;
			};
			name = Debug;
		};
		801B12C4199A1675007D8CD7 /* Release */ = {
			isa = XCBuildConfiguration;
			buildSettings = {
				FRAMEWORK_SEARCH_PATHS = (
					"$(SDKROOT)/Developer/Library/Frameworks",
					"$(inherited)",
					"$(DEVELOPER_FRAMEWORKS_DIR)",
				);
				GCC_PRECOMPILE_PREFIX_HEADER = YES;
				GCC_PREFIX_HEADER = "QSADWall/QSADWall-Prefix.pch";
				INFOPLIST_FILE = "QSADWallTests/QSADWallTests-Info.plist";
				PRODUCT_NAME = "$(TARGET_NAME)";
				WRAPPER_EXTENSION = xctest;
			};
			name = Release;
		};
		8056B50B199C65CB00A20918 /* Debug */ = {
			isa = XCBuildConfiguration;
			buildSettings = {
				COMBINE_HIDPI_IMAGES = YES;
				GCC_ENABLE_OBJC_EXCEPTIONS = YES;
				GCC_PRECOMPILE_PREFIX_HEADER = YES;
				GCC_PREFIX_HEADER = "QSWallResource/QSWallResource-Prefix.pch";
				GCC_PREPROCESSOR_DEFINITIONS = (
					"DEBUG=1",
					"$(inherited)",
				);
				INFOPLIST_FILE = "QSWallResource/QSWallResource-Info.plist";
				MACOSX_DEPLOYMENT_TARGET = 10.9;
				ONLY_ACTIVE_ARCH = NO;
				PRODUCT_NAME = "$(TARGET_NAME)";
				SDKROOT = iphoneos;
				SKIP_INSTALL = YES;
				VALID_ARCHS = armv7;
				WRAPPER_EXTENSION = bundle;
			};
			name = Debug;
		};
		8056B50C199C65CB00A20918 /* Release */ = {
			isa = XCBuildConfiguration;
			buildSettings = {
				COMBINE_HIDPI_IMAGES = YES;
				DEBUG_INFORMATION_FORMAT = "dwarf-with-dsym";
				GCC_ENABLE_OBJC_EXCEPTIONS = YES;
				GCC_PRECOMPILE_PREFIX_HEADER = YES;
				GCC_PREFIX_HEADER = "QSWallResource/QSWallResource-Prefix.pch";
				INFOPLIST_FILE = "QSWallResource/QSWallResource-Info.plist";
				MACOSX_DEPLOYMENT_TARGET = 10.9;
				PRODUCT_NAME = "$(TARGET_NAME)";
				SDKROOT = iphoneos;
				SKIP_INSTALL = YES;
				VALID_ARCHS = armv7;
				WRAPPER_EXTENSION = bundle;
			};
			name = Release;
		};
/* End XCBuildConfiguration section */

/* Begin XCConfigurationList section */
		801B1297199A1675007D8CD7 /* Build configuration list for PBXProject "QSADWall" */ = {
			isa = XCConfigurationList;
			buildConfigurations = (
				801B12BD199A1675007D8CD7 /* Debug */,
				801B12BE199A1675007D8CD7 /* Release */,
			);
			defaultConfigurationIsVisible = 0;
			defaultConfigurationName = Release;
		};
		801B12BF199A1675007D8CD7 /* Build configuration list for PBXNativeTarget "QSADWall" */ = {
			isa = XCConfigurationList;
			buildConfigurations = (
				801B12C0199A1675007D8CD7 /* Debug */,
				801B12C1199A1675007D8CD7 /* Release */,
			);
			defaultConfigurationIsVisible = 0;
			defaultConfigurationName = Release;
		};
		801B12C2199A1675007D8CD7 /* Build configuration list for PBXNativeTarget "QSADWallTests" */ = {
			isa = XCConfigurationList;
			buildConfigurations = (
				801B12C3199A1675007D8CD7 /* Debug */,
				801B12C4199A1675007D8CD7 /* Release */,
			);
			defaultConfigurationIsVisible = 0;
			defaultConfigurationName = Release;
		};
		8056B50A199C65CB00A20918 /* Build configuration list for PBXNativeTarget "QSWallResource" */ = {
			isa = XCConfigurationList;
			buildConfigurations = (
				8056B50B199C65CB00A20918 /* Debug */,
				8056B50C199C65CB00A20918 /* Release */,
			);
			defaultConfigurationIsVisible = 0;
			defaultConfigurationName = Release;
		};
/* End XCConfigurationList section */
	};
	rootObject = 801B1294199A1675007D8CD7 /* Project object */;
}
